
Microsoft Visual Studio Solution File, Format Version 12.00
# Visual Studio Version 17
VisualStudioVersion = 17.9.34714.143
MinimumVisualStudioVersion = 10.0.40219.1
Project("{9A19103F-16F7-4668-BE54-9A1E7A4F7556}") = "EcoUni", "EcoUni.csproj", "{2E40B3B2-4655-4698-9508-887AE5E51C03}"
EndProject
Global
	GlobalSection(SolutionConfigurationPlatforms) = preSolution
		Debug|Any CPU = Debug|Any CPU
		Release|Any CPU = Release|Any CPU
	EndGlobalSection
	GlobalSection(ProjectConfigurationPlatforms) = postSolution
		{2E40B3B2-4655-4698-9508-887AE5E51C03}.Debug|Any CPU.ActiveCfg = Debug|Any CPU
		{2E40B3B2-4655-4698-9508-887AE5E51C03}.Debug|Any CPU.Build.0 = Debug|Any CPU
		{2E40B3B2-4655-4698-9508-887AE5E51C03}.Release|Any CPU.ActiveCfg = Release|Any CPU
		{2E40B3B2-4655-4698-9508-887AE5E51C03}.Release|Any CPU.Build.0 = Release|Any CPU
	EndGlobalSection
	GlobalSection(SolutionProperties) = preSolution
		HideSolutionNode = FALSE
	EndGlobalSection
	GlobalSection(ExtensibilityGlobals) = postSolution
		SolutionGuid = {3711C627-D073-4376-8D26-AD76278F2E97}
	EndGlobalSection
EndGlobal
